
Microsoft Visual Studio Solution File, Format Version 12.00
# Visual Studio 15
VisualStudioVersion = 15.0.28010.2036
MinimumVisualStudioVersion = 10.0.40219.1
Project("{8BC9CEB8-8B4A-11D0-8D11-00A0C91BC942}") = "Patternsearch", "Patternsearch\Patternsearch.vcxproj", "{310B59DC-EC7D-4FDC-BD43-58E44C25807F}"
EndProject
Global
	GlobalSection(SolutionConfigurationPlatforms) = preSolution
		Debug|x64 = Debug|x64
		Debug|x86 = Debug|x86
		Release|x64 = Release|x64
		Release|x86 = Release|x86
	EndGlobalSection
	GlobalSection(ProjectConfigurationPlatforms) = postSolution
		{310B59DC-EC7D-4FDC-BD43-58E44C25807F}.Debug|x64.ActiveCfg = Debug|x64
		{310B59DC-EC7D-4FDC-BD43-58E44C25807F}.Debug|x64.Build.0 = Debug|x64
		{310B59DC-EC7D-4FDC-BD43-58E44C25807F}.Debug|x86.ActiveCfg = Debug|Win32
		{310B59DC-EC7D-4FDC-BD43-58E44C25807F}.Debug|x86.Build.0 = Debug|Win32
		{310B59DC-EC7D-4FDC-BD43-58E44C25807F}.Release|x64.ActiveCfg = Release|x64
		{310B59DC-EC7D-4FDC-BD43-58E44C25807F}.Release|x64.Build.0 = Release|x64
		{310B59DC-EC7D-4FDC-BD43-58E44C25807F}.Release|x86.ActiveCfg = Release|Win32
		{310B59DC-EC7D-4FDC-BD43-58E44C25807F}.Release|x86.Build.0 = Release|Win32
	EndGlobalSection
	GlobalSection(SolutionProperties) = preSolution
		HideSolutionNode = FALSE
	EndGlobalSection
	GlobalSection(ExtensibilityGlobals) = postSolution
		SolutionGuid = {FD9BB4A1-8BC1-44B7-85CF-9170C7DBDC50}
	EndGlobalSection
EndGlobal
